
Microsoft Visual Studio Solution File, Format Version 12.00
# Visual Studio Version 16
VisualStudioVersion = 16.0.30002.166
MinimumVisualStudioVersion = 10.0.40219.1
Project("{9A19103F-16F7-4668-BE54-9A1E7A4F7556}") = "DistibutedCacheApp", "DistibutedCacheApp\DistibutedCacheApp.csproj", "{35672CE6-FC4A-44F9-A1C6-571DE87A25B1}"
EndProject
Project("{9A19103F-16F7-4668-BE54-9A1E7A4F7556}") = "StackExchangeApp", "StackExchangeApp\StackExchangeApp.csproj", "{F2AAD480-2B14-41C0-84F2-2F91FA3FE063}"
EndProject
Global
	GlobalSection(SolutionConfigurationPlatforms) = preSolution
		Debug|Any CPU = Debug|Any CPU
		Release|Any CPU = Release|Any CPU
	EndGlobalSection
	GlobalSection(ProjectConfigurationPlatforms) = postSolution
		{35672CE6-FC4A-44F9-A1C6-571DE87A25B1}.Debug|Any CPU.ActiveCfg = Debug|Any CPU
		{35672CE6-FC4A-44F9-A1C6-571DE87A25B1}.Debug|Any CPU.Build.0 = Debug|Any CPU
		{35672CE6-FC4A-44F9-A1C6-571DE87A25B1}.Release|Any CPU.ActiveCfg = Release|Any CPU
		{35672CE6-FC4A-44F9-A1C6-571DE87A25B1}.Release|Any CPU.Build.0 = Release|Any CPU
		{F2AAD480-2B14-41C0-84F2-2F91FA3FE063}.Debug|Any CPU.ActiveCfg = Debug|Any CPU
		{F2AAD480-2B14-41C0-84F2-2F91FA3FE063}.Debug|Any CPU.Build.0 = Debug|Any CPU
		{F2AAD480-2B14-41C0-84F2-2F91FA3FE063}.Release|Any CPU.ActiveCfg = Release|Any CPU
		{F2AAD480-2B14-41C0-84F2-2F91FA3FE063}.Release|Any CPU.Build.0 = Release|Any CPU
	EndGlobalSection
	GlobalSection(SolutionProperties) = preSolution
		HideSolutionNode = FALSE
	EndGlobalSection
	GlobalSection(ExtensibilityGlobals) = postSolution
		SolutionGuid = {16D3EC16-5BF9-4D8B-B54B-86317828E30C}
	EndGlobalSection
EndGlobal
